// !$*UTF8*$!
{
	archiveVersion = 1;
	classes = {
	};
	objectVersion = 56;
	objects = {

/* Begin PBXBuildFile section */
		AC59432A29C0888900BD9AF9 /* TaskUpApp.swift in Sources */ = {isa = PBXBuildFile; fileRef = AC59432929C0888900BD9AF9 /* TaskUpApp.swift */; };
		AC59432C29C0888900BD9AF9 /* ContentView.swift in Sources */ = {isa = PBXBuildFile; fileRef = AC59432B29C0888900BD9AF9 /* ContentView.swift */; };
		AC59432E29C0888B00BD9AF9 /* Assets.xcassets in Resources */ = {isa = PBXBuildFile; fileRef = AC59432D29C0888B00BD9AF9 /* Assets.xcassets */; };
		AC59433129C0888B00BD9AF9 /* Preview Assets.xcassets in Resources */ = {isa = PBXBuildFile; fileRef = AC59433029C0888B00BD9AF9 /* Preview Assets.xcassets */; };
		AC59433329C0888B00BD9AF9 /* Persistence.swift in Sources */ = {isa = PBXBuildFile; fileRef = AC59433229C0888B00BD9AF9 /* Persistence.swift */; };
		AC59433629C0888B00BD9AF9 /* TaskUp.xcdatamodeld in Sources */ = {isa = PBXBuildFile; fileRef = AC59433429C0888B00BD9AF9 /* TaskUp.xcdatamodeld */; };
		AC59433E29C08E0100BD9AF9 /* PageView.swift in Sources */ = {isa = PBXBuildFile; fileRef = AC59433D29C08E0100BD9AF9 /* PageView.swift */; };
		AC59434229C08E1B00BD9AF9 /* PageModel.swift in Sources */ = {isa = PBXBuildFile; fileRef = AC59434129C08E1B00BD9AF9 /* PageModel.swift */; };
/* End PBXBuildFile section */

/* Begin PBXFileReference section */
		AC59432629C0888900BD9AF9 /* TaskUp.app */ = {isa = PBXFileReference; explicitFileType = wrapper.application; includeInIndex = 0; path = TaskUp.app; sourceTree = BUILT_PRODUCTS_DIR; };
		AC59432929C0888900BD9AF9 /* TaskUpApp.swift */ = {isa = PBXFileReference; lastKnownFileType = sourcecode.swift; path = TaskUpApp.swift; sourceTree = "<group>"; };
		AC59432B29C0888900BD9AF9 /* ContentView.swift */ = {isa = PBXFileReference; lastKnownFileType = sourcecode.swift; path = ContentView.swift; sourceTree = "<group>"; };
		AC59432D29C0888B00BD9AF9 /* Assets.xcassets */ = {isa = PBXFileReference; lastKnownFileType = folder.assetcatalog; path = Assets.xcassets; sourceTree = "<group>"; };
		AC59433029C0888B00BD9AF9 /* Preview Assets.xcassets */ = {isa = PBXFileReference; lastKnownFileType = folder.assetcatalog; path = "Preview Assets.xcassets"; sourceTree = "<group>"; };
		AC59433229C0888B00BD9AF9 /* Persistence.swift */ = {isa = PBXFileReference; lastKnownFileType = sourcecode.swift; path = Persistence.swift; sourceTree = "<group>"; };
		AC59433529C0888B00BD9AF9 /* TaskUp.xcdatamodel */ = {isa = PBXFileReference; lastKnownFileType = wrapper.xcdatamodel; path = TaskUp.xcdatamodel; sourceTree = "<group>"; };
		AC59433D29C08E0100BD9AF9 /* PageView.swift */ = {isa = PBXFileReference; lastKnownFileType = sourcecode.swift; path = PageView.swift; sourceTree = "<group>"; };
		AC59434129C08E1B00BD9AF9 /* PageModel.swift */ = {isa = PBXFileReference; lastKnownFileType = sourcecode.swift; path = PageModel.swift; sourceTree = "<group>"; };
/* End PBXFileReference section */

/* Begin PBXFrameworksBuildPhase section */
		AC59432329C0888900BD9AF9 /* Frameworks */ = {
			isa = PBXFrameworksBuildPhase;
			buildActionMask = 2147483647;
			files = (
			);
			runOnlyForDeploymentPostprocessing = 0;
		};
/* End PBXFrameworksBuildPhase section */

/* Begin PBXGroup section */
		AC59431D29C0888900BD9AF9 = {
			isa = PBXGroup;
			children = (
				AC59432829C0888900BD9AF9 /* TaskUp */,
				AC59432729C0888900BD9AF9 /* Products */,
			);
			sourceTree = "<group>";
		};
		AC59432729C0888900BD9AF9 /* Products */ = {
			isa = PBXGroup;
			children = (
				AC59432629C0888900BD9AF9 /* TaskUp.app */,
			);
			name = Products;
			sourceTree = "<group>";
		};
		AC59432829C0888900BD9AF9 /* TaskUp */ = {
			isa = PBXGroup;
			children = (
				AC59433C29C08DCC00BD9AF9 /* SplashScreen */,
				AC59432929C0888900BD9AF9 /* TaskUpApp.swift */,
				AC59432B29C0888900BD9AF9 /* ContentView.swift */,
				AC59432D29C0888B00BD9AF9 /* Assets.xcassets */,
				AC59433229C0888B00BD9AF9 /* Persistence.swift */,
				AC59433429C0888B00BD9AF9 /* TaskUp.xcdatamodeld */,
				AC59432F29C0888B00BD9AF9 /* Preview Content */,
			);
			path = TaskUp;
			sourceTree = "<group>";
		};
		AC59432F29C0888B00BD9AF9 /* Preview Content */ = {
			isa = PBXGroup;
			children = (
				AC59433029C0888B00BD9AF9 /* Preview Assets.xcassets */,
			);
			path = "Preview Content";
			sourceTree = "<group>";
		};
		AC59433C29C08DCC00BD9AF9 /* SplashScreen */ = {
			isa = PBXGroup;
			children = (
				AC59433D29C08E0100BD9AF9 /* PageView.swift */,
				AC59434129C08E1B00BD9AF9 /* PageModel.swift */,
			);
			path = SplashScreen;
			sourceTree = "<group>";
		};
/* End PBXGroup section */

/* Begin PBXNativeTarget section */
		AC59432529C0888900BD9AF9 /* TaskUp */ = {
			isa = PBXNativeTarget;
			buildConfigurationList = AC59433929C0888B00BD9AF9 /* Build configuration list for PBXNativeTarget "TaskUp" */;
			buildPhases = (
				AC59432229C0888900BD9AF9 /* Sources */,
				AC59432329C0888900BD9AF9 /* Frameworks */,
				AC59432429C0888900BD9AF9 /* Resources */,
			);
			buildRules = (
			);
			dependencies = (
			);
			name = TaskUp;
			productName = TaskUp;
			productReference = AC59432629C0888900BD9AF9 /* TaskUp.app */;
			productType = "com.apple.product-type.application";
		};
/* End PBXNativeTarget section */

/* Begin PBXProject section */
		AC59431E29C0888900BD9AF9 /* Project object */ = {
			isa = PBXProject;
			attributes = {
				BuildIndependentTargetsInParallel = 1;
				LastSwiftUpdateCheck = 1420;
				LastUpgradeCheck = 1420;
				TargetAttributes = {
					AC59432529C0888900BD9AF9 = {
						CreatedOnToolsVersion = 14.2;
					};
				};
			};
			buildConfigurationList = AC59432129C0888900BD9AF9 /* Build configuration list for PBXProject "TaskUp" */;
			compatibilityVersion = "Xcode 14.0";
			developmentRegion = en;
			hasScannedForEncodings = 0;
			knownRegions = (
				en,
				Base,
			);
			mainGroup = AC59431D29C0888900BD9AF9;
			productRefGroup = AC59432729C0888900BD9AF9 /* Products */;
			projectDirPath = "";
			projectRoot = "";
			targets = (
				AC59432529C0888900BD9AF9 /* TaskUp */,
			);
		};
/* End PBXProject section */

/* Begin PBXResourcesBuildPhase section */
		AC59432429C0888900BD9AF9 /* Resources */ = {
			isa = PBXResourcesBuildPhase;
			buildActionMask = 2147483647;
			files = (
				AC59433129C0888B00BD9AF9 /* Preview Assets.xcassets in Resources */,
				AC59432E29C0888B00BD9AF9 /* Assets.xcassets in Resources */,
			);
			runOnlyForDeploymentPostprocessing = 0;
		};
/* End PBXResourcesBuildPhase section */

/* Begin PBXSourcesBuildPhase section */
		AC59432229C0888900BD9AF9 /* Sources */ = {
			isa = PBXSourcesBuildPhase;
			buildActionMask = 2147483647;
			files = (
				AC59433E29C08E0100BD9AF9 /* PageView.swift in Sources */,
				AC59433329C0888B00BD9AF9 /* Persistence.swift in Sources */,
				AC59432C29C0888900BD9AF9 /* ContentView.swift in Sources */,
				AC59432A29C0888900BD9AF9 /* TaskUpApp.swift in Sources */,
				AC59434229C08E1B00BD9AF9 /* PageModel.swift in Sources */,
				AC59433629C0888B00BD9AF9 /* TaskUp.xcdatamodeld in Sources */,
			);
			runOnlyForDeploymentPostprocessing = 0;
		};
/* End PBXSourcesBuildPhase section */

/* Begin XCBuildConfiguration section */
		AC59433729C0888B00BD9AF9 /* Debug */ = {
			isa = XCBuildConfiguration;
			buildSettings = {
				ALWAYS_SEARCH_USER_PATHS = NO;
				CLANG_ANALYZER_NONNULL = YES;
				CLANG_ANALYZER_NUMBER_OBJECT_CONVERSION = YES_AGGRESSIVE;
				CLANG_CXX_LANGUAGE_STANDARD = "gnu++20";
				CLANG_ENABLE_MODULES = YES;
				CLANG_ENABLE_OBJC_ARC = YES;
				CLANG_ENABLE_OBJC_WEAK = YES;
				CLANG_WARN_BLOCK_CAPTURE_AUTORELEASING = YES;
				CLANG_WARN_BOOL_CONVERSION = YES;
				CLANG_WARN_COMMA = YES;
				CLANG_WARN_CONSTANT_CONVERSION = YES;
				CLANG_WARN_DEPRECATED_OBJC_IMPLEMENTATIONS = YES;
				CLANG_WARN_DIRECT_OBJC_ISA_USAGE = YES_ERROR;
				CLANG_WARN_DOCUMENTATION_COMMENTS = YES;
				CLANG_WARN_EMPTY_BODY = YES;
				CLANG_WARN_ENUM_CONVERSION = YES;
				CLANG_WARN_INFINITE_RECURSION = YES;
				CLANG_WARN_INT_CONVERSION = YES;
				CLANG_WARN_NON_LITERAL_NULL_CONVERSION = YES;
				CLANG_WARN_OBJC_IMPLICIT_RETAIN_SELF = YES;
				CLANG_WARN_OBJC_LITERAL_CONVERSION = YES;
				CLANG_WARN_OBJC_ROOT_CLASS = YES_ERROR;
				CLANG_WARN_QUOTED_INCLUDE_IN_FRAMEWORK_HEADER = YES;
				CLANG_WARN_RANGE_LOOP_ANALYSIS = YES;
				CLANG_WARN_STRICT_PROTOTYPES = YES;
				CLANG_WARN_SUSPICIOUS_MOVE = YES;
				CLANG_WARN_UNGUARDED_AVAILABILITY = YES_AGGRESSIVE;
				CLANG_WARN_UNREACHABLE_CODE = YES;
				CLANG_WARN__DUPLICATE_METHOD_MATCH = YES;
				COPY_PHASE_STRIP = NO;
				DEBUG_INFORMATION_FORMAT = dwarf;
				ENABLE_STRICT_OBJC_MSGSEND = YES;
				ENABLE_TESTABILITY = YES;
				GCC_C_LANGUAGE_STANDARD = gnu11;
				GCC_DYNAMIC_NO_PIC = NO;
				GCC_NO_COMMON_BLOCKS = YES;
				GCC_OPTIMIZATION_LEVEL = 0;
				GCC_PREPROCESSOR_DEFINITIONS = (
					"DEBUG=1",
					"$(inherited)",
				);
				GCC_WARN_64_TO_32_BIT_CONVERSION = YES;
				GCC_WARN_ABOUT_RETURN_TYPE = YES_ERROR;
				GCC_WARN_UNDECLARED_SELECTOR = YES;
				GCC_WARN_UNINITIALIZED_AUTOS = YES_AGGRESSIVE;
				GCC_WARN_UNUSED_FUNCTION = YES;
				GCC_WARN_UNUSED_VARIABLE = YES;
				IPHONEOS_DEPLOYMENT_TARGET = 16.2;
				MTL_ENABLE_DEBUG_INFO = INCLUDE_SOURCE;
				MTL_FAST_MATH = YES;
				ONLY_ACTIVE_ARCH = YES;
				SDKROOT = iphoneos;
				SWIFT_ACTIVE_COMPILATION_CONDITIONS = DEBUG;
				SWIFT_OPTIMIZATION_LEVEL = "-Onone";
			};
			name = Debug;
		};
		AC59433829C0888B00BD9AF9 /* Release */ = {
			isa = XCBuildConfiguration;
			buildSettings = {
				ALWAYS_SEARCH_USER_PATHS = NO;
				CLANG_ANALYZER_NONNULL = YES;
				CLANG_ANALYZER_NUMBER_OBJECT_CONVERSION = YES_AGGRESSIVE;
				CLANG_CXX_LANGUAGE_STANDARD = "gnu++20";
				CLANG_ENABLE_MODULES = YES;
				CLANG_ENABLE_OBJC_ARC = YES;
				CLANG_ENABLE_OBJC_WEAK = YES;
				CLANG_WARN_BLOCK_CAPTURE_AUTORELEASING = YES;
				CLANG_WARN_BOOL_CONVERSION = YES;
				CLANG_WARN_COMMA = YES;
				CLANG_WARN_CONSTANT_CONVERSION = YES;
				CLANG_WARN_DEPRECATED_OBJC_IMPLEMENTATIONS = YES;
				CLANG_WARN_DIRECT_OBJC_ISA_USAGE = YES_ERROR;
				CLANG_WARN_DOCUMENTATION_COMMENTS = YES;
				CLANG_WARN_EMPTY_BODY = YES;
				CLANG_WARN_ENUM_CONVERSION = YES;
				CLANG_WARN_INFINITE_RECURSION = YES;
				CLANG_WARN_INT_CONVERSION = YES;
				CLANG_WARN_NON_LITERAL_NULL_CONVERSION = YES;
				CLANG_WARN_OBJC_IMPLICIT_RETAIN_SELF = YES;
				CLANG_WARN_OBJC_LITERAL_CONVERSION = YES;
				CLANG_WARN_OBJC_ROOT_CLASS = YES_ERROR;
				CLANG_WARN_QUOTED_INCLUDE_IN_FRAMEWORK_HEADER = YES;
				CLANG_WARN_RANGE_LOOP_ANALYSIS = YES;
				CLANG_WARN_STRICT_PROTOTYPES = YES;
				CLANG_WARN_SUSPICIOUS_MOVE = YES;
				CLANG_WARN_UNGUARDED_AVAILABILITY = YES_AGGRESSIVE;
				CLANG_WARN_UNREACHABLE_CODE = YES;
				CLANG_WARN__DUPLICATE_METHOD_MATCH = YES;
				COPY_PHASE_STRIP = NO;
				DEBUG_INFORMATION_FORMAT = "dwarf-with-dsym";
				ENABLE_NS_ASSERTIONS = NO;
				ENABLE_STRICT_OBJC_MSGSEND = YES;
				GCC_C_LANGUAGE_STANDARD = gnu11;
				GCC_NO_COMMON_BLOCKS = YES;
				GCC_WARN_64_TO_32_BIT_CONVERSION = YES;
				GCC_WARN_ABOUT_RETURN_TYPE = YES_ERROR;
				GCC_WARN_UNDECLARED_SELECTOR = YES;
				GCC_WARN_UNINITIALIZED_AUTOS = YES_AGGRESSIVE;
				GCC_WARN_UNUSED_FUNCTION = YES;
				GCC_WARN_UNUSED_VARIABLE = YES;
				IPHONEOS_DEPLOYMENT_TARGET = 16.2;
				MTL_ENABLE_DEBUG_INFO = NO;
				MTL_FAST_MATH = YES;
				SDKROOT = iphoneos;
				SWIFT_COMPILATION_MODE = wholemodule;
				SWIFT_OPTIMIZATION_LEVEL = "-O";
				VALIDATE_PRODUCT = YES;
			};
			name = Release;
		};
		AC59433A29C0888B00BD9AF9 /* Debug */ = {
			isa = XCBuildConfiguration;
			buildSettings = {
				ASSETCATALOG_COMPILER_APPICON_NAME = AppIcon;
				ASSETCATALOG_COMPILER_GLOBAL_ACCENT_COLOR_NAME = AccentColor;
				CODE_SIGN_STYLE = Automatic;
				CURRENT_PROJECT_VERSION = 1;
				DEVELOPMENT_ASSET_PATHS = "\"TaskUp/Preview Content\"";
				DEVELOPMENT_TEAM = LU893QGJWJ;
				ENABLE_PREVIEWS = YES;
				GENERATE_INFOPLIST_FILE = YES;
				INFOPLIST_KEY_UIApplicationSceneManifest_Generation = YES;
				INFOPLIST_KEY_UIApplicationSupportsIndirectInputEvents = YES;
				INFOPLIST_KEY_UILaunchScreen_Generation = YES;
				INFOPLIST_KEY_UISupportedInterfaceOrientations_iPad = "UIInterfaceOrientationPortrait UIInterfaceOrientationPortraitUpsideDown UIInterfaceOrientationLandscapeLeft UIInterfaceOrientationLandscapeRight";
				INFOPLIST_KEY_UISupportedInterfaceOrientations_iPhone = "UIInterfaceOrientationPortrait UIInterfaceOrientationLandscapeLeft UIInterfaceOrientationLandscapeRight";
				LD_RUNPATH_SEARCH_PATHS = (
					"$(inherited)",
					"@executable_path/Frameworks",
				);
				MARKETING_VERSION = 1.0;
				PRODUCT_BUNDLE_IDENTIFIER = Bhumika.TaskUp;
				PRODUCT_NAME = "$(TARGET_NAME)";
				SWIFT_EMIT_LOC_STRINGS = YES;
				SWIFT_VERSION = 5.0;
				TARGETED_DEVICE_FAMILY = "1,2";
			};
			name = Debug;
		};
		AC59433B29C0888B00BD9AF9 /* Release */ = {
			isa = XCBuildConfiguration;
			buildSettings = {
				ASSETCATALOG_COMPILER_APPICON_NAME = AppIcon;
				ASSETCATALOG_COMPILER_GLOBAL_ACCENT_COLOR_NAME = AccentColor;
				CODE_SIGN_STYLE = Automatic;
				CURRENT_PROJECT_VERSION = 1;
				DEVELOPMENT_ASSET_PATHS = "\"TaskUp/Preview Content\"";
				DEVELOPMENT_TEAM = LU893QGJWJ;
				ENABLE_PREVIEWS = YES;
				GENERATE_INFOPLIST_FILE = YES;
				INFOPLIST_KEY_UIApplicationSceneManifest_Generation = YES;
				INFOPLIST_KEY_UIApplicationSupportsIndirectInputEvents = YES;
				INFOPLIST_KEY_UILaunchScreen_Generation = YES;
				INFOPLIST_KEY_UISupportedInterfaceOrientations_iPad = "UIInterfaceOrientationPortrait UIInterfaceOrientationPortraitUpsideDown UIInterfaceOrientationLandscapeLeft UIInterfaceOrientationLandscapeRight";
				INFOPLIST_KEY_UISupportedInterfaceOrientations_iPhone = "UIInterfaceOrientationPortrait UIInterfaceOrientationLandscapeLeft UIInterfaceOrientationLandscapeRight";
				LD_RUNPATH_SEARCH_PATHS = (
					"$(inherited)",
					"@executable_path/Frameworks",
				);
				MARKETING_VERSION = 1.0;
				PRODUCT_BUNDLE_IDENTIFIER = Bhumika.TaskUp;
				PRODUCT_NAME = "$(TARGET_NAME)";
				SWIFT_EMIT_LOC_STRINGS = YES;
				SWIFT_VERSION = 5.0;
				TARGETED_DEVICE_FAMILY = "1,2";
			};
			name = Release;
		};
/* End XCBuildConfiguration section */

/* Begin XCConfigurationList section */
		AC59432129C0888900BD9AF9 /* Build configuration list for PBXProject "TaskUp" */ = {
			isa = XCConfigurationList;
			buildConfigurations = (
				AC59433729C0888B00BD9AF9 /* Debug */,
				AC59433829C0888B00BD9AF9 /* Release */,
			);
			defaultConfigurationIsVisible = 0;
			defaultConfigurationName = Release;
		};
		AC59433929C0888B00BD9AF9 /* Build configuration list for PBXNativeTarget "TaskUp" */ = {
			isa = XCConfigurationList;
			buildConfigurations = (
				AC59433A29C0888B00BD9AF9 /* Debug */,
				AC59433B29C0888B00BD9AF9 /* Release */,
			);
			defaultConfigurationIsVisible = 0;
			defaultConfigurationName = Release;
		};
/* End XCConfigurationList section */

/* Begin XCVersionGroup section */
		AC59433429C0888B00BD9AF9 /* TaskUp.xcdatamodeld */ = {
			isa = XCVersionGroup;
			children = (
				AC59433529C0888B00BD9AF9 /* TaskUp.xcdatamodel */,
			);
			currentVersion = AC59433529C0888B00BD9AF9 /* TaskUp.xcdatamodel */;
			path = TaskUp.xcdatamodeld;
			sourceTree = "<group>";
			versionGroupType = wrapper.xcdatamodel;
		};
/* End XCVersionGroup section */
	};
	rootObject = AC59431E29C0888900BD9AF9 /* Project object */;
}
